
Microsoft Visual Studio Solution File, Format Version 12.00
# Visual Studio Version 17
VisualStudioVersion = 17.14.36623.8 d17.14
MinimumVisualStudioVersion = 10.0.40219.1
Project("{FAE04EC0-301F-11D3-BF4B-00C04F79EFBC}") = "TradingJournal", "TradingJournal\TradingJournal.csproj", "{C71AA50D-4E22-47D6-8FCD-EC179E67602E}"
EndProject
Project("{FAE04EC0-301F-11D3-BF4B-00C04F79EFBC}") = "TradingJournal.core", "TradingJournal.core\TradingJournal.core.csproj", "{39897646-104F-48C0-B081-97FFE378DAB9}"
EndProject
Project("{FAE04EC0-301F-11D3-BF4B-00C04F79EFBC}") = "TradingJournal.wpf", "TradingJournal.wpf\TradingJournal.wpf.csproj", "{9162F469-575A-4113-BF26-6CC58F10D849}"
EndProject
Project("{FAE04EC0-301F-11D3-BF4B-00C04F79EFBC}") = "TradingJournal.tests", "TradingJournal.tests\TradingJournal.tests.csproj", "{4B51541E-3FAD-4EAD-8B81-1A4AE265C7D9}"
EndProject
Global
	GlobalSection(SolutionConfigurationPlatforms) = preSolution
		Debug|Any CPU = Debug|Any CPU
		Release|Any CPU = Release|Any CPU
	EndGlobalSection
	GlobalSection(ProjectConfigurationPlatforms) = postSolution
		{C71AA50D-4E22-47D6-8FCD-EC179E67602E}.Debug|Any CPU.ActiveCfg = Debug|Any CPU
		{C71AA50D-4E22-47D6-8FCD-EC179E67602E}.Debug|Any CPU.Build.0 = Debug|Any CPU
		{C71AA50D-4E22-47D6-8FCD-EC179E67602E}.Release|Any CPU.ActiveCfg = Release|Any CPU
		{C71AA50D-4E22-47D6-8FCD-EC179E67602E}.Release|Any CPU.Build.0 = Release|Any CPU
		{39897646-104F-48C0-B081-97FFE378DAB9}.Debug|Any CPU.ActiveCfg = Debug|Any CPU
		{39897646-104F-48C0-B081-97FFE378DAB9}.Debug|Any CPU.Build.0 = Debug|Any CPU
		{39897646-104F-48C0-B081-97FFE378DAB9}.Release|Any CPU.ActiveCfg = Release|Any CPU
		{39897646-104F-48C0-B081-97FFE378DAB9}.Release|Any CPU.Build.0 = Release|Any CPU
		{9162F469-575A-4113-BF26-6CC58F10D849}.Debug|Any CPU.ActiveCfg = Debug|Any CPU
		{9162F469-575A-4113-BF26-6CC58F10D849}.Debug|Any CPU.Build.0 = Debug|Any CPU
		{9162F469-575A-4113-BF26-6CC58F10D849}.Release|Any CPU.ActiveCfg = Release|Any CPU
		{9162F469-575A-4113-BF26-6CC58F10D849}.Release|Any CPU.Build.0 = Release|Any CPU
		{4B51541E-3FAD-4EAD-8B81-1A4AE265C7D9}.Debug|Any CPU.ActiveCfg = Debug|Any CPU
		{4B51541E-3FAD-4EAD-8B81-1A4AE265C7D9}.Debug|Any CPU.Build.0 = Debug|Any CPU
		{4B51541E-3FAD-4EAD-8B81-1A4AE265C7D9}.Release|Any CPU.ActiveCfg = Release|Any CPU
		{4B51541E-3FAD-4EAD-8B81-1A4AE265C7D9}.Release|Any CPU.Build.0 = Release|Any CPU
	EndGlobalSection
	GlobalSection(SolutionProperties) = preSolution
		HideSolutionNode = FALSE
	EndGlobalSection
	GlobalSection(ExtensibilityGlobals) = postSolution
		SolutionGuid = {DEB0D4F5-C0D6-4C0C-8A4C-45BD33F3DE46}
	EndGlobalSection
EndGlobal
